
Microsoft Visual Studio Solution File, Format Version 10.00
# Visual Studio 2008
Project("{8BC9CEB8-8B4A-11D0-8D11-00A0C91BC942}") = "Hook_MyAPI", "Hook_MyAPI\Hook_MyAPI.vcproj", "{48B00029-4CD0-4DE7-B62A-86FCD173FE9A}"
EndProject
Project("{8BC9CEB8-8B4A-11D0-8D11-00A0C91BC942}") = "MyAddTest.dll", "MyAddTest.dll\MyAddTest.dll.vcproj", "{9DBF074B-2931-490B-9EA0-5591CCF47436}"
EndProject
Project("{8BC9CEB8-8B4A-11D0-8D11-00A0C91BC942}") = "Checkdll", "Checkdll\Checkdll.vcproj", "{9472DE1E-ABAF-4AFC-94DE-AB06BC07FC95}"
EndProject
Global
	GlobalSection(SolutionConfigurationPlatforms) = preSolution
		Debug|Win32 = Debug|Win32
		Release|Win32 = Release|Win32
	EndGlobalSection
	GlobalSection(ProjectConfigurationPlatforms) = postSolution
		{48B00029-4CD0-4DE7-B62A-86FCD173FE9A}.Debug|Win32.ActiveCfg = Debug|Win32
		{48B00029-4CD0-4DE7-B62A-86FCD173FE9A}.Debug|Win32.Build.0 = Debug|Win32
		{48B00029-4CD0-4DE7-B62A-86FCD173FE9A}.Release|Win32.ActiveCfg = Release|Win32
		{48B00029-4CD0-4DE7-B62A-86FCD173FE9A}.Release|Win32.Build.0 = Release|Win32
		{9DBF074B-2931-490B-9EA0-5591CCF47436}.Debug|Win32.ActiveCfg = Debug|Win32
		{9DBF074B-2931-490B-9EA0-5591CCF47436}.Debug|Win32.Build.0 = Debug|Win32
		{9DBF074B-2931-490B-9EA0-5591CCF47436}.Release|Win32.ActiveCfg = Release|Win32
		{9DBF074B-2931-490B-9EA0-5591CCF47436}.Release|Win32.Build.0 = Release|Win32
		{9472DE1E-ABAF-4AFC-94DE-AB06BC07FC95}.Debug|Win32.ActiveCfg = Debug|Win32
		{9472DE1E-ABAF-4AFC-94DE-AB06BC07FC95}.Debug|Win32.Build.0 = Debug|Win32
		{9472DE1E-ABAF-4AFC-94DE-AB06BC07FC95}.Release|Win32.ActiveCfg = Release|Win32
		{9472DE1E-ABAF-4AFC-94DE-AB06BC07FC95}.Release|Win32.Build.0 = Release|Win32
	EndGlobalSection
	GlobalSection(SolutionProperties) = preSolution
		HideSolutionNode = FALSE
	EndGlobalSection
EndGlobal
