
Microsoft Visual Studio Solution File, Format Version 10.00
# Visual Studio 2008
Project("{8BC9CEB8-8B4A-11D0-8D11-00A0C91BC942}") = "IpExchange", "IpExchange.vcproj", "{87432DD0-CCE0-4E53-A7EC-54B2BB70F4E1}"
EndProject
Global
	GlobalSection(SolutionConfigurationPlatforms) = preSolution
		Debug|Win32 = Debug|Win32
		Release|Win32 = Release|Win32
	EndGlobalSection
	GlobalSection(ProjectConfigurationPlatforms) = postSolution
		{87432DD0-CCE0-4E53-A7EC-54B2BB70F4E1}.Debug|Win32.ActiveCfg = Debug|Win32
		{87432DD0-CCE0-4E53-A7EC-54B2BB70F4E1}.Debug|Win32.Build.0 = Debug|Win32
		{87432DD0-CCE0-4E53-A7EC-54B2BB70F4E1}.Release|Win32.ActiveCfg = Release|Win32
		{87432DD0-CCE0-4E53-A7EC-54B2BB70F4E1}.Release|Win32.Build.0 = Release|Win32
	EndGlobalSection
	GlobalSection(SolutionProperties) = preSolution
		HideSolutionNode = FALSE
	EndGlobalSection
EndGlobal
